
Microsoft Visual Studio Solution File, Format Version 12.00
# Visual Studio Version 16
VisualStudioVersion = 16.0.31624.102
MinimumVisualStudioVersion = 10.0.40219.1
Project("{8BC9CEB8-8B4A-11D0-8D11-00A0C91BC942}") = "SystemController", "SystemController.vcxproj", "{3B8FAEC7-3F24-49BD-9C4A-4F5B309E25EB}"
EndProject
Global
	GlobalSection(SolutionConfigurationPlatforms) = preSolution
		Debug|x64 = Debug|x64
		Release|x64 = Release|x64
	EndGlobalSection
	GlobalSection(ProjectConfigurationPlatforms) = postSolution
		{3B8FAEC7-3F24-49BD-9C4A-4F5B309E25EB}.Debug|x64.ActiveCfg = Debug|x64
		{3B8FAEC7-3F24-49BD-9C4A-4F5B309E25EB}.Debug|x64.Build.0 = Debug|x64
		{3B8FAEC7-3F24-49BD-9C4A-4F5B309E25EB}.Release|x64.ActiveCfg = Debug|x64
		{3B8FAEC7-3F24-49BD-9C4A-4F5B309E25EB}.Release|x64.Build.0 = Debug|x64
	EndGlobalSection
	GlobalSection(SolutionProperties) = preSolution
		HideSolutionNode = FALSE
	EndGlobalSection
	GlobalSection(ExtensibilityGlobals) = postSolution
		SolutionGuid = {49559CB4-08C6-4CF5-A095-A778F95896C1}
	EndGlobalSection
EndGlobal
